// !$*UTF8*$!
{
	archiveVersion = 1;
	classes = {
	};
	objectVersion = 48;
	objects = {

/* Begin PBXBuildFile section */
		B63668AB20681E7900835547 /* LevelsContract.swift in Sources */ = {isa = PBXBuildFile; fileRef = B63668AA20681E7900835547 /* LevelsContract.swift */; };
		B63668AD20681F3E00835547 /* LevelsView.swift in Sources */ = {isa = PBXBuildFile; fileRef = B63668AC20681F3E00835547 /* LevelsView.swift */; };
		B63668AF2068236A00835547 /* LevelsPresenter.swift in Sources */ = {isa = PBXBuildFile; fileRef = B63668AE2068236A00835547 /* LevelsPresenter.swift */; };
		B63668B12068237B00835547 /* LevelsRouter.swift in Sources */ = {isa = PBXBuildFile; fileRef = B63668B02068237B00835547 /* LevelsRouter.swift */; };
		B660E8ED205700C700A58172 /* AppDelegate.swift in Sources */ = {isa = PBXBuildFile; fileRef = B660E8EC205700C700A58172 /* AppDelegate.swift */; };
		B660E8EF205700C700A58172 /* HomeView.swift in Sources */ = {isa = PBXBuildFile; fileRef = B660E8EE205700C700A58172 /* HomeView.swift */; };
		B660E8F2205700C700A58172 /* Main.storyboard in Resources */ = {isa = PBXBuildFile; fileRef = B660E8F0205700C700A58172 /* Main.storyboard */; };
		B660E8F5205700C700A58172 /* MultiEduca.xcdatamodeld in Sources */ = {isa = PBXBuildFile; fileRef = B660E8F3205700C700A58172 /* MultiEduca.xcdatamodeld */; };
		B660E8F7205700C700A58172 /* Assets.xcassets in Resources */ = {isa = PBXBuildFile; fileRef = B660E8F6205700C700A58172 /* Assets.xcassets */; };
		B660E8FA205700C700A58172 /* LaunchScreen.storyboard in Resources */ = {isa = PBXBuildFile; fileRef = B660E8F8205700C700A58172 /* LaunchScreen.storyboard */; };
		B660E905205700C700A58172 /* MultiEducaTests.swift in Sources */ = {isa = PBXBuildFile; fileRef = B660E904205700C700A58172 /* MultiEducaTests.swift */; };
		B6FA65F1205DA30800F551DC /* HomePresenter.swift in Sources */ = {isa = PBXBuildFile; fileRef = B6FA65F0205DA30800F551DC /* HomePresenter.swift */; };
		B6FA65F3205DA32B00F551DC /* HomeRouter.swift in Sources */ = {isa = PBXBuildFile; fileRef = B6FA65F2205DA32B00F551DC /* HomeRouter.swift */; };
		B6FA65F5205DA34500F551DC /* HomeContract.swift in Sources */ = {isa = PBXBuildFile; fileRef = B6FA65F4205DA34500F551DC /* HomeContract.swift */; };
		B6FA65F8205DAD2600F551DC /* DependencyFactory.swift in Sources */ = {isa = PBXBuildFile; fileRef = B6FA65F7205DAD2600F551DC /* DependencyFactory.swift */; };
		B6FA65FA205DB05B00F551DC /* ModulesContractBase.swift in Sources */ = {isa = PBXBuildFile; fileRef = B6FA65F9205DB05B00F551DC /* ModulesContractBase.swift */; };
/* End PBXBuildFile section */

/* Begin PBXContainerItemProxy section */
		B660E901205700C700A58172 /* PBXContainerItemProxy */ = {
			isa = PBXContainerItemProxy;
			containerPortal = B660E8E1205700C700A58172 /* Project object */;
			proxyType = 1;
			remoteGlobalIDString = B660E8E8205700C700A58172;
			remoteInfo = MultiEduca;
		};
/* End PBXContainerItemProxy section */

/* Begin PBXFileReference section */
		B63668AA20681E7900835547 /* LevelsContract.swift */ = {isa = PBXFileReference; lastKnownFileType = sourcecode.swift; path = LevelsContract.swift; sourceTree = "<group>"; };
		B63668AC20681F3E00835547 /* LevelsView.swift */ = {isa = PBXFileReference; lastKnownFileType = sourcecode.swift; path = LevelsView.swift; sourceTree = "<group>"; };
		B63668AE2068236A00835547 /* LevelsPresenter.swift */ = {isa = PBXFileReference; lastKnownFileType = sourcecode.swift; path = LevelsPresenter.swift; sourceTree = "<group>"; };
		B63668B02068237B00835547 /* LevelsRouter.swift */ = {isa = PBXFileReference; lastKnownFileType = sourcecode.swift; path = LevelsRouter.swift; sourceTree = "<group>"; };
		B660E8E9205700C700A58172 /* MultiEduca.app */ = {isa = PBXFileReference; explicitFileType = wrapper.application; includeInIndex = 0; path = MultiEduca.app; sourceTree = BUILT_PRODUCTS_DIR; };
		B660E8EC205700C700A58172 /* AppDelegate.swift */ = {isa = PBXFileReference; lastKnownFileType = sourcecode.swift; path = AppDelegate.swift; sourceTree = "<group>"; };
		B660E8EE205700C700A58172 /* HomeView.swift */ = {isa = PBXFileReference; lastKnownFileType = sourcecode.swift; path = HomeView.swift; sourceTree = "<group>"; };
		B660E8F1205700C700A58172 /* Base */ = {isa = PBXFileReference; lastKnownFileType = file.storyboard; name = Base; path = Base.lproj/Main.storyboard; sourceTree = "<group>"; };
		B660E8F4205700C700A58172 /* MultiEduca.xcdatamodel */ = {isa = PBXFileReference; lastKnownFileType = wrapper.xcdatamodel; path = MultiEduca.xcdatamodel; sourceTree = "<group>"; };
		B660E8F6205700C700A58172 /* Assets.xcassets */ = {isa = PBXFileReference; lastKnownFileType = folder.assetcatalog; path = Assets.xcassets; sourceTree = "<group>"; };
		B660E8F9205700C700A58172 /* Base */ = {isa = PBXFileReference; lastKnownFileType = file.storyboard; name = Base; path = Base.lproj/LaunchScreen.storyboard; sourceTree = "<group>"; };
		B660E8FB205700C700A58172 /* Info.plist */ = {isa = PBXFileReference; lastKnownFileType = text.plist.xml; path = Info.plist; sourceTree = "<group>"; };
		B660E900205700C700A58172 /* MultiEducaTests.xctest */ = {isa = PBXFileReference; explicitFileType = wrapper.cfbundle; includeInIndex = 0; path = MultiEducaTests.xctest; sourceTree = BUILT_PRODUCTS_DIR; };
		B660E904205700C700A58172 /* MultiEducaTests.swift */ = {isa = PBXFileReference; lastKnownFileType = sourcecode.swift; path = MultiEducaTests.swift; sourceTree = "<group>"; };
		B660E906205700C700A58172 /* Info.plist */ = {isa = PBXFileReference; lastKnownFileType = text.plist.xml; path = Info.plist; sourceTree = "<group>"; };
		B6FA65F0205DA30800F551DC /* HomePresenter.swift */ = {isa = PBXFileReference; lastKnownFileType = sourcecode.swift; path = HomePresenter.swift; sourceTree = "<group>"; };
		B6FA65F2205DA32B00F551DC /* HomeRouter.swift */ = {isa = PBXFileReference; lastKnownFileType = sourcecode.swift; path = HomeRouter.swift; sourceTree = "<group>"; };
		B6FA65F4205DA34500F551DC /* HomeContract.swift */ = {isa = PBXFileReference; lastKnownFileType = sourcecode.swift; path = HomeContract.swift; sourceTree = "<group>"; };
		B6FA65F7205DAD2600F551DC /* DependencyFactory.swift */ = {isa = PBXFileReference; lastKnownFileType = sourcecode.swift; path = DependencyFactory.swift; sourceTree = "<group>"; };
		B6FA65F9205DB05B00F551DC /* ModulesContractBase.swift */ = {isa = PBXFileReference; lastKnownFileType = sourcecode.swift; path = ModulesContractBase.swift; sourceTree = "<group>"; };
/* End PBXFileReference section */

/* Begin PBXFrameworksBuildPhase section */
		B660E8E6205700C700A58172 /* Frameworks */ = {
			isa = PBXFrameworksBuildPhase;
			buildActionMask = 2147483647;
			files = (
			);
			runOnlyForDeploymentPostprocessing = 0;
		};
		B660E8FD205700C700A58172 /* Frameworks */ = {
			isa = PBXFrameworksBuildPhase;
			buildActionMask = 2147483647;
			files = (
			);
			runOnlyForDeploymentPostprocessing = 0;
		};
/* End PBXFrameworksBuildPhase section */

/* Begin PBXGroup section */
		B63668A920681E2300835547 /* Levels */ = {
			isa = PBXGroup;
			children = (
				B63668AA20681E7900835547 /* LevelsContract.swift */,
				B63668AC20681F3E00835547 /* LevelsView.swift */,
				B63668AE2068236A00835547 /* LevelsPresenter.swift */,
				B63668B02068237B00835547 /* LevelsRouter.swift */,
			);
			path = Levels;
			sourceTree = "<group>";
		};
		B660E8E0205700C700A58172 = {
			isa = PBXGroup;
			children = (
				B660E8EB205700C700A58172 /* MultiEduca */,
				B660E903205700C700A58172 /* MultiEducaTests */,
				B660E8EA205700C700A58172 /* Products */,
			);
			sourceTree = "<group>";
		};
		B660E8EA205700C700A58172 /* Products */ = {
			isa = PBXGroup;
			children = (
				B660E8E9205700C700A58172 /* MultiEduca.app */,
				B660E900205700C700A58172 /* MultiEducaTests.xctest */,
			);
			name = Products;
			sourceTree = "<group>";
		};
		B660E8EB205700C700A58172 /* MultiEduca */ = {
			isa = PBXGroup;
			children = (
				B660E8EC205700C700A58172 /* AppDelegate.swift */,
				B6FA65F6205DA9ED00F551DC /* Core */,
				B6FA65ED205DA0B100F551DC /* Modules */,
				B660E8F0205700C700A58172 /* Main.storyboard */,
				B660E8F6205700C700A58172 /* Assets.xcassets */,
				B660E8F8205700C700A58172 /* LaunchScreen.storyboard */,
				B660E8FB205700C700A58172 /* Info.plist */,
				B660E8F3205700C700A58172 /* MultiEduca.xcdatamodeld */,
			);
			path = MultiEduca;
			sourceTree = "<group>";
		};
		B660E903205700C700A58172 /* MultiEducaTests */ = {
			isa = PBXGroup;
			children = (
				B660E904205700C700A58172 /* MultiEducaTests.swift */,
				B660E906205700C700A58172 /* Info.plist */,
			);
			path = MultiEducaTests;
			sourceTree = "<group>";
		};
		B6FA65EC205D9FEA00F551DC /* Home */ = {
			isa = PBXGroup;
			children = (
				B6FA65F4205DA34500F551DC /* HomeContract.swift */,
				B660E8EE205700C700A58172 /* HomeView.swift */,
				B6FA65F0205DA30800F551DC /* HomePresenter.swift */,
				B6FA65F2205DA32B00F551DC /* HomeRouter.swift */,
			);
			path = Home;
			sourceTree = "<group>";
		};
		B6FA65ED205DA0B100F551DC /* Modules */ = {
			isa = PBXGroup;
			children = (
				B6FA65EC205D9FEA00F551DC /* Home */,
				B63668A920681E2300835547 /* Levels */,
			);
			path = Modules;
			sourceTree = "<group>";
		};
		B6FA65F6205DA9ED00F551DC /* Core */ = {
			isa = PBXGroup;
			children = (
				B6FA65F7205DAD2600F551DC /* DependencyFactory.swift */,
				B6FA65F9205DB05B00F551DC /* ModulesContractBase.swift */,
			);
			path = Core;
			sourceTree = "<group>";
		};
/* End PBXGroup section */

/* Begin PBXNativeTarget section */
		B660E8E8205700C700A58172 /* MultiEduca */ = {
			isa = PBXNativeTarget;
			buildConfigurationList = B660E909205700C700A58172 /* Build configuration list for PBXNativeTarget "MultiEduca" */;
			buildPhases = (
				B660E8E5205700C700A58172 /* Sources */,
				B660E8E6205700C700A58172 /* Frameworks */,
				B660E8E7205700C700A58172 /* Resources */,
			);
			buildRules = (
			);
			dependencies = (
			);
			name = MultiEduca;
			productName = MultiEduca;
			productReference = B660E8E9205700C700A58172 /* MultiEduca.app */;
			productType = "com.apple.product-type.application";
		};
		B660E8FF205700C700A58172 /* MultiEducaTests */ = {
			isa = PBXNativeTarget;
			buildConfigurationList = B660E90C205700C700A58172 /* Build configuration list for PBXNativeTarget "MultiEducaTests" */;
			buildPhases = (
				B660E8FC205700C700A58172 /* Sources */,
				B660E8FD205700C700A58172 /* Frameworks */,
				B660E8FE205700C700A58172 /* Resources */,
			);
			buildRules = (
			);
			dependencies = (
				B660E902205700C700A58172 /* PBXTargetDependency */,
			);
			name = MultiEducaTests;
			productName = MultiEducaTests;
			productReference = B660E900205700C700A58172 /* MultiEducaTests.xctest */;
			productType = "com.apple.product-type.bundle.unit-test";
		};
/* End PBXNativeTarget section */

/* Begin PBXProject section */
		B660E8E1205700C700A58172 /* Project object */ = {
			isa = PBXProject;
			attributes = {
				LastSwiftUpdateCheck = 0920;
				LastUpgradeCheck = 0920;
				ORGANIZATIONNAME = Sandra;
				TargetAttributes = {
					B660E8E8205700C700A58172 = {
						CreatedOnToolsVersion = 9.2;
						ProvisioningStyle = Automatic;
					};
					B660E8FF205700C700A58172 = {
						CreatedOnToolsVersion = 9.2;
						ProvisioningStyle = Automatic;
						TestTargetID = B660E8E8205700C700A58172;
					};
				};
			};
			buildConfigurationList = B660E8E4205700C700A58172 /* Build configuration list for PBXProject "MultiEduca" */;
			compatibilityVersion = "Xcode 8.0";
			developmentRegion = en;
			hasScannedForEncodings = 0;
			knownRegions = (
				en,
				Base,
			);
			mainGroup = B660E8E0205700C700A58172;
			productRefGroup = B660E8EA205700C700A58172 /* Products */;
			projectDirPath = "";
			projectRoot = "";
			targets = (
				B660E8E8205700C700A58172 /* MultiEduca */,
				B660E8FF205700C700A58172 /* MultiEducaTests */,
			);
		};
/* End PBXProject section */

/* Begin PBXResourcesBuildPhase section */
		B660E8E7205700C700A58172 /* Resources */ = {
			isa = PBXResourcesBuildPhase;
			buildActionMask = 2147483647;
			files = (
				B660E8FA205700C700A58172 /* LaunchScreen.storyboard in Resources */,
				B660E8F7205700C700A58172 /* Assets.xcassets in Resources */,
				B660E8F2205700C700A58172 /* Main.storyboard in Resources */,
			);
			runOnlyForDeploymentPostprocessing = 0;
		};
		B660E8FE205700C700A58172 /* Resources */ = {
			isa = PBXResourcesBuildPhase;
			buildActionMask = 2147483647;
			files = (
			);
			runOnlyForDeploymentPostprocessing = 0;
		};
/* End PBXResourcesBuildPhase section */

/* Begin PBXSourcesBuildPhase section */
		B660E8E5205700C700A58172 /* Sources */ = {
			isa = PBXSourcesBuildPhase;
			buildActionMask = 2147483647;
			files = (
				B6FA65F5205DA34500F551DC /* HomeContract.swift in Sources */,
				B63668B12068237B00835547 /* LevelsRouter.swift in Sources */,
				B63668AB20681E7900835547 /* LevelsContract.swift in Sources */,
				B660E8EF205700C700A58172 /* HomeView.swift in Sources */,
				B63668AD20681F3E00835547 /* LevelsView.swift in Sources */,
				B660E8ED205700C700A58172 /* AppDelegate.swift in Sources */,
				B660E8F5205700C700A58172 /* MultiEduca.xcdatamodeld in Sources */,
				B6FA65F1205DA30800F551DC /* HomePresenter.swift in Sources */,
				B63668AF2068236A00835547 /* LevelsPresenter.swift in Sources */,
				B6FA65F8205DAD2600F551DC /* DependencyFactory.swift in Sources */,
				B6FA65FA205DB05B00F551DC /* ModulesContractBase.swift in Sources */,
				B6FA65F3205DA32B00F551DC /* HomeRouter.swift in Sources */,
			);
			runOnlyForDeploymentPostprocessing = 0;
		};
		B660E8FC205700C700A58172 /* Sources */ = {
			isa = PBXSourcesBuildPhase;
			buildActionMask = 2147483647;
			files = (
				B660E905205700C700A58172 /* MultiEducaTests.swift in Sources */,
			);
			runOnlyForDeploymentPostprocessing = 0;
		};
/* End PBXSourcesBuildPhase section */

/* Begin PBXTargetDependency section */
		B660E902205700C700A58172 /* PBXTargetDependency */ = {
			isa = PBXTargetDependency;
			target = B660E8E8205700C700A58172 /* MultiEduca */;
			targetProxy = B660E901205700C700A58172 /* PBXContainerItemProxy */;
		};
/* End PBXTargetDependency section */

/* Begin PBXVariantGroup section */
		B660E8F0205700C700A58172 /* Main.storyboard */ = {
			isa = PBXVariantGroup;
			children = (
				B660E8F1205700C700A58172 /* Base */,
			);
			name = Main.storyboard;
			sourceTree = "<group>";
		};
		B660E8F8205700C700A58172 /* LaunchScreen.storyboard */ = {
			isa = PBXVariantGroup;
			children = (
				B660E8F9205700C700A58172 /* Base */,
			);
			name = LaunchScreen.storyboard;
			sourceTree = "<group>";
		};
/* End PBXVariantGroup section */

/* Begin XCBuildConfiguration section */
		B660E907205700C700A58172 /* Debug */ = {
			isa = XCBuildConfiguration;
			buildSettings = {
				ALWAYS_SEARCH_USER_PATHS = NO;
				CLANG_ANALYZER_NONNULL = YES;
				CLANG_ANALYZER_NUMBER_OBJECT_CONVERSION = YES_AGGRESSIVE;
				CLANG_CXX_LANGUAGE_STANDARD = "gnu++14";
				CLANG_CXX_LIBRARY = "libc++";
				CLANG_ENABLE_MODULES = YES;
				CLANG_ENABLE_OBJC_ARC = YES;
				CLANG_WARN_BLOCK_CAPTURE_AUTORELEASING = YES;
				CLANG_WARN_BOOL_CONVERSION = YES;
				CLANG_WARN_COMMA = YES;
				CLANG_WARN_CONSTANT_CONVERSION = YES;
				CLANG_WARN_DIRECT_OBJC_ISA_USAGE = YES_ERROR;
				CLANG_WARN_DOCUMENTATION_COMMENTS = YES;
				CLANG_WARN_EMPTY_BODY = YES;
				CLANG_WARN_ENUM_CONVERSION = YES;
				CLANG_WARN_INFINITE_RECURSION = YES;
				CLANG_WARN_INT_CONVERSION = YES;
				CLANG_WARN_NON_LITERAL_NULL_CONVERSION = YES;
				CLANG_WARN_OBJC_LITERAL_CONVERSION = YES;
				CLANG_WARN_OBJC_ROOT_CLASS = YES_ERROR;
				CLANG_WARN_RANGE_LOOP_ANALYSIS = YES;
				CLANG_WARN_STRICT_PROTOTYPES = YES;
				CLANG_WARN_SUSPICIOUS_MOVE = YES;
				CLANG_WARN_UNGUARDED_AVAILABILITY = YES_AGGRESSIVE;
				CLANG_WARN_UNREACHABLE_CODE = YES;
				CLANG_WARN__DUPLICATE_METHOD_MATCH = YES;
				CODE_SIGN_IDENTITY = "iPhone Developer";
				COPY_PHASE_STRIP = NO;
				DEBUG_INFORMATION_FORMAT = dwarf;
				ENABLE_STRICT_OBJC_MSGSEND = YES;
				ENABLE_TESTABILITY = YES;
				GCC_C_LANGUAGE_STANDARD = gnu11;
				GCC_DYNAMIC_NO_PIC = NO;
				GCC_NO_COMMON_BLOCKS = YES;
				GCC_OPTIMIZATION_LEVEL = 0;
				GCC_PREPROCESSOR_DEFINITIONS = (
					"DEBUG=1",
					"$(inherited)",
				);
				GCC_WARN_64_TO_32_BIT_CONVERSION = YES;
				GCC_WARN_ABOUT_RETURN_TYPE = YES_ERROR;
				GCC_WARN_UNDECLARED_SELECTOR = YES;
				GCC_WARN_UNINITIALIZED_AUTOS = YES_AGGRESSIVE;
				GCC_WARN_UNUSED_FUNCTION = YES;
				GCC_WARN_UNUSED_VARIABLE = YES;
				IPHONEOS_DEPLOYMENT_TARGET = 11.2;
				MTL_ENABLE_DEBUG_INFO = YES;
				ONLY_ACTIVE_ARCH = YES;
				SDKROOT = iphoneos;
				SWIFT_ACTIVE_COMPILATION_CONDITIONS = DEBUG;
				SWIFT_OPTIMIZATION_LEVEL = "-Onone";
			};
			name = Debug;
		};
		B660E908205700C700A58172 /* Release */ = {
			isa = XCBuildConfiguration;
			buildSettings = {
				ALWAYS_SEARCH_USER_PATHS = NO;
				CLANG_ANALYZER_NONNULL = YES;
				CLANG_ANALYZER_NUMBER_OBJECT_CONVERSION = YES_AGGRESSIVE;
				CLANG_CXX_LANGUAGE_STANDARD = "gnu++14";
				CLANG_CXX_LIBRARY = "libc++";
				CLANG_ENABLE_MODULES = YES;
				CLANG_ENABLE_OBJC_ARC = YES;
				CLANG_WARN_BLOCK_CAPTURE_AUTORELEASING = YES;
				CLANG_WARN_BOOL_CONVERSION = YES;
				CLANG_WARN_COMMA = YES;
				CLANG_WARN_CONSTANT_CONVERSION = YES;
				CLANG_WARN_DIRECT_OBJC_ISA_USAGE = YES_ERROR;
				CLANG_WARN_DOCUMENTATION_COMMENTS = YES;
				CLANG_WARN_EMPTY_BODY = YES;
				CLANG_WARN_ENUM_CONVERSION = YES;
				CLANG_WARN_INFINITE_RECURSION = YES;
				CLANG_WARN_INT_CONVERSION = YES;
				CLANG_WARN_NON_LITERAL_NULL_CONVERSION = YES;
				CLANG_WARN_OBJC_LITERAL_CONVERSION = YES;
				CLANG_WARN_OBJC_ROOT_CLASS = YES_ERROR;
				CLANG_WARN_RANGE_LOOP_ANALYSIS = YES;
				CLANG_WARN_STRICT_PROTOTYPES = YES;
				CLANG_WARN_SUSPICIOUS_MOVE = YES;
				CLANG_WARN_UNGUARDED_AVAILABILITY = YES_AGGRESSIVE;
				CLANG_WARN_UNREACHABLE_CODE = YES;
				CLANG_WARN__DUPLICATE_METHOD_MATCH = YES;
				CODE_SIGN_IDENTITY = "iPhone Developer";
				COPY_PHASE_STRIP = NO;
				DEBUG_INFORMATION_FORMAT = "dwarf-with-dsym";
				ENABLE_NS_ASSERTIONS = NO;
				ENABLE_STRICT_OBJC_MSGSEND = YES;
				GCC_C_LANGUAGE_STANDARD = gnu11;
				GCC_NO_COMMON_BLOCKS = YES;
				GCC_WARN_64_TO_32_BIT_CONVERSION = YES;
				GCC_WARN_ABOUT_RETURN_TYPE = YES_ERROR;
				GCC_WARN_UNDECLARED_SELECTOR = YES;
				GCC_WARN_UNINITIALIZED_AUTOS = YES_AGGRESSIVE;
				GCC_WARN_UNUSED_FUNCTION = YES;
				GCC_WARN_UNUSED_VARIABLE = YES;
				IPHONEOS_DEPLOYMENT_TARGET = 11.2;
				MTL_ENABLE_DEBUG_INFO = NO;
				SDKROOT = iphoneos;
				SWIFT_OPTIMIZATION_LEVEL = "-Owholemodule";
				VALIDATE_PRODUCT = YES;
			};
			name = Release;
		};
		B660E90A205700C700A58172 /* Debug */ = {
			isa = XCBuildConfiguration;
			buildSettings = {
				ASSETCATALOG_COMPILER_APPICON_NAME = AppIcon;
				CODE_SIGN_STYLE = Automatic;
				DEVELOPMENT_TEAM = GKD62JWZ34;
				INFOPLIST_FILE = MultiEduca/Info.plist;
				LD_RUNPATH_SEARCH_PATHS = "$(inherited) @executable_path/Frameworks";
				PRODUCT_BUNDLE_IDENTIFIER = com.Sandra.MultiEduca;
				PRODUCT_NAME = "$(TARGET_NAME)";
				SWIFT_VERSION = 4.0;
				TARGETED_DEVICE_FAMILY = "1,2";
			};
			name = Debug;
		};
		B660E90B205700C700A58172 /* Release */ = {
			isa = XCBuildConfiguration;
			buildSettings = {
				ASSETCATALOG_COMPILER_APPICON_NAME = AppIcon;
				CODE_SIGN_STYLE = Automatic;
				DEVELOPMENT_TEAM = GKD62JWZ34;
				INFOPLIST_FILE = MultiEduca/Info.plist;
				LD_RUNPATH_SEARCH_PATHS = "$(inherited) @executable_path/Frameworks";
				PRODUCT_BUNDLE_IDENTIFIER = com.Sandra.MultiEduca;
				PRODUCT_NAME = "$(TARGET_NAME)";
				SWIFT_VERSION = 4.0;
				TARGETED_DEVICE_FAMILY = "1,2";
			};
			name = Release;
		};
		B660E90D205700C700A58172 /* Debug */ = {
			isa = XCBuildConfiguration;
			buildSettings = {
				ALWAYS_EMBED_SWIFT_STANDARD_LIBRARIES = YES;
				BUNDLE_LOADER = "$(TEST_HOST)";
				CODE_SIGN_STYLE = Automatic;
				DEVELOPMENT_TEAM = GKD62JWZ34;
				INFOPLIST_FILE = MultiEducaTests/Info.plist;
				LD_RUNPATH_SEARCH_PATHS = "$(inherited) @executable_path/Frameworks @loader_path/Frameworks";
				PRODUCT_BUNDLE_IDENTIFIER = com.Sandra.MultiEducaTests;
				PRODUCT_NAME = "$(TARGET_NAME)";
				SWIFT_VERSION = 4.0;
				TARGETED_DEVICE_FAMILY = "1,2";
				TEST_HOST = "$(BUILT_PRODUCTS_DIR)/MultiEduca.app/MultiEduca";
			};
			name = Debug;
		};
		B660E90E205700C700A58172 /* Release */ = {
			isa = XCBuildConfiguration;
			buildSettings = {
				ALWAYS_EMBED_SWIFT_STANDARD_LIBRARIES = YES;
				BUNDLE_LOADER = "$(TEST_HOST)";
				CODE_SIGN_STYLE = Automatic;
				DEVELOPMENT_TEAM = GKD62JWZ34;
				INFOPLIST_FILE = MultiEducaTests/Info.plist;
				LD_RUNPATH_SEARCH_PATHS = "$(inherited) @executable_path/Frameworks @loader_path/Frameworks";
				PRODUCT_BUNDLE_IDENTIFIER = com.Sandra.MultiEducaTests;
				PRODUCT_NAME = "$(TARGET_NAME)";
				SWIFT_VERSION = 4.0;
				TARGETED_DEVICE_FAMILY = "1,2";
				TEST_HOST = "$(BUILT_PRODUCTS_DIR)/MultiEduca.app/MultiEduca";
			};
			name = Release;
		};
/* End XCBuildConfiguration section */

/* Begin XCConfigurationList section */
		B660E8E4205700C700A58172 /* Build configuration list for PBXProject "MultiEduca" */ = {
			isa = XCConfigurationList;
			buildConfigurations = (
				B660E907205700C700A58172 /* Debug */,
				B660E908205700C700A58172 /* Release */,
			);
			defaultConfigurationIsVisible = 0;
			defaultConfigurationName = Release;
		};
		B660E909205700C700A58172 /* Build configuration list for PBXNativeTarget "MultiEduca" */ = {
			isa = XCConfigurationList;
			buildConfigurations = (
				B660E90A205700C700A58172 /* Debug */,
				B660E90B205700C700A58172 /* Release */,
			);
			defaultConfigurationIsVisible = 0;
			defaultConfigurationName = Release;
		};
		B660E90C205700C700A58172 /* Build configuration list for PBXNativeTarget "MultiEducaTests" */ = {
			isa = XCConfigurationList;
			buildConfigurations = (
				B660E90D205700C700A58172 /* Debug */,
				B660E90E205700C700A58172 /* Release */,
			);
			defaultConfigurationIsVisible = 0;
			defaultConfigurationName = Release;
		};
/* End XCConfigurationList section */

/* Begin XCVersionGroup section */
		B660E8F3205700C700A58172 /* MultiEduca.xcdatamodeld */ = {
			isa = XCVersionGroup;
			children = (
				B660E8F4205700C700A58172 /* MultiEduca.xcdatamodel */,
			);
			currentVersion = B660E8F4205700C700A58172 /* MultiEduca.xcdatamodel */;
			path = MultiEduca.xcdatamodeld;
			sourceTree = "<group>";
			versionGroupType = wrapper.xcdatamodel;
		};
/* End XCVersionGroup section */
	};
	rootObject = B660E8E1205700C700A58172 /* Project object */;
}
