// !$*UTF8*$!
{
	archiveVersion = 1;
	classes = {
	};
	objectVersion = 48;
	objects = {

/* Begin PBXBuildFile section */
		263AAFA6911431E03CFA8A58 /* Pods_MultiEducaTests.framework in Frameworks */ = {isa = PBXBuildFile; fileRef = 1A3BD989D2940B28982655FA /* Pods_MultiEducaTests.framework */; };
		35DE6A48968C6FAD7F58D4A1 /* Pods_MultiEduca.framework in Frameworks */ = {isa = PBXBuildFile; fileRef = 8426010CBA714AACAE022F4D /* Pods_MultiEduca.framework */; };
		B609EA88213156B8000CE291 /* LevelsInteractor.swift in Sources */ = {isa = PBXBuildFile; fileRef = B609EA87213156B8000CE291 /* LevelsInteractor.swift */; };
		B62AC2C4218EE2FC00C3F5C9 /* ContentLevelProviderContract.swift in Sources */ = {isa = PBXBuildFile; fileRef = B62AC2C3218EE2FC00C3F5C9 /* ContentLevelProviderContract.swift */; };
		B632FD1C20701454003157A5 /* testImage.png in Resources */ = {isa = PBXBuildFile; fileRef = B632FD1B20701454003157A5 /* testImage.png */; };
		B6348902206E971900044F18 /* BaseViewController.swift in Sources */ = {isa = PBXBuildFile; fileRef = B6348901206E971900044F18 /* BaseViewController.swift */; };
		B6348904206EB4C300044F18 /* DependencyFactoryContract.swift in Sources */ = {isa = PBXBuildFile; fileRef = B6348903206EB4C300044F18 /* DependencyFactoryContract.swift */; };
		B6358E6B218461B600B653EE /* GameAreaPresenter.swift in Sources */ = {isa = PBXBuildFile; fileRef = B6358E6A218461B600B653EE /* GameAreaPresenter.swift */; };
		B6358E6D2184620F00B653EE /* GameAreaInteractor.swift in Sources */ = {isa = PBXBuildFile; fileRef = B6358E6C2184620F00B653EE /* GameAreaInteractor.swift */; };
		B6358E6F2184622100B653EE /* GameAreaRouter.swift in Sources */ = {isa = PBXBuildFile; fileRef = B6358E6E2184622100B653EE /* GameAreaRouter.swift */; };
		B63668AB20681E7900835547 /* LevelsContract.swift in Sources */ = {isa = PBXBuildFile; fileRef = B63668AA20681E7900835547 /* LevelsContract.swift */; };
		B63668AD20681F3E00835547 /* LevelsView.swift in Sources */ = {isa = PBXBuildFile; fileRef = B63668AC20681F3E00835547 /* LevelsView.swift */; };
		B63668AF2068236A00835547 /* LevelsPresenter.swift in Sources */ = {isa = PBXBuildFile; fileRef = B63668AE2068236A00835547 /* LevelsPresenter.swift */; };
		B63668B12068237B00835547 /* LevelsRouter.swift in Sources */ = {isa = PBXBuildFile; fileRef = B63668B02068237B00835547 /* LevelsRouter.swift */; };
		B636C7632070DA1700D9C9A9 /* HomeView+Render.swift in Sources */ = {isa = PBXBuildFile; fileRef = B636C7622070DA1700D9C9A9 /* HomeView+Render.swift */; };
		B6377049206F765400DB2A73 /* SectionCell.swift in Sources */ = {isa = PBXBuildFile; fileRef = B6377047206F765400DB2A73 /* SectionCell.swift */; };
		B637704D206F7B0900DB2A73 /* SectionCellViewModel.swift in Sources */ = {isa = PBXBuildFile; fileRef = B637704C206F7B0900DB2A73 /* SectionCellViewModel.swift */; };
		B637704F206F7D3F00DB2A73 /* HomeInteractor.swift in Sources */ = {isa = PBXBuildFile; fileRef = B637704E206F7D3F00DB2A73 /* HomeInteractor.swift */; };
		B6377052206F7DED00DB2A73 /* FilesManager.swift in Sources */ = {isa = PBXBuildFile; fileRef = B6377051206F7DED00DB2A73 /* FilesManager.swift */; };
		B6377055206F7E2C00DB2A73 /* FilesManagerContract.swift in Sources */ = {isa = PBXBuildFile; fileRef = B6377054206F7E2C00DB2A73 /* FilesManagerContract.swift */; };
		B6377057206F806300DB2A73 /* HomeDataProvider.swift in Sources */ = {isa = PBXBuildFile; fileRef = B6377056206F806300DB2A73 /* HomeDataProvider.swift */; };
		B637705B206F80D600DB2A73 /* HomeDataProviderContract.swift in Sources */ = {isa = PBXBuildFile; fileRef = B637705A206F80D600DB2A73 /* HomeDataProviderContract.swift */; };
		B6403F772117600700FB927A /* TitleCollectionViewCell.swift in Sources */ = {isa = PBXBuildFile; fileRef = B6403F752117600700FB927A /* TitleCollectionViewCell.swift */; };
		B6403F782117600700FB927A /* TitleCollectionViewCell.xib in Resources */ = {isa = PBXBuildFile; fileRef = B6403F762117600700FB927A /* TitleCollectionViewCell.xib */; };
		B64383B4212039F20085EE76 /* GameContent.json in Resources */ = {isa = PBXBuildFile; fileRef = B64383B3212039F20085EE76 /* GameContent.json */; };
		B64462BA21BD869B00400844 /* GameView.swift in Sources */ = {isa = PBXBuildFile; fileRef = B64462B921BD869B00400844 /* GameView.swift */; };
		B64462BC21BD86AA00400844 /* GameView.xib in Resources */ = {isa = PBXBuildFile; fileRef = B64462BB21BD86AA00400844 /* GameView.xib */; };
		B64462BE21BD8C2200400844 /* BasePageViewController.swift in Sources */ = {isa = PBXBuildFile; fileRef = B64462BD21BD8C2200400844 /* BasePageViewController.swift */; };
		B64DFEEC218B5EE500BF049A /* HomeNavigationBarButton.swift in Sources */ = {isa = PBXBuildFile; fileRef = B64DFEEB218B5EE500BF049A /* HomeNavigationBarButton.swift */; };
		B64F4E14210B1B5B0006EE32 /* HomeDataCache.swift in Sources */ = {isa = PBXBuildFile; fileRef = B64F4E13210B1B5B0006EE32 /* HomeDataCache.swift */; };
		B64F4E16210B1BFD0006EE32 /* HomeDataCacheContract.swift in Sources */ = {isa = PBXBuildFile; fileRef = B64F4E15210B1BFD0006EE32 /* HomeDataCacheContract.swift */; };
		B64F4E19210B211B0006EE32 /* Home.json in Resources */ = {isa = PBXBuildFile; fileRef = B64F4E18210B211B0006EE32 /* Home.json */; };
		B64F4E1E210B2B8F0006EE32 /* HomeDataModel.swift in Sources */ = {isa = PBXBuildFile; fileRef = B64F4E1D210B2B8F0006EE32 /* HomeDataModel.swift */; };
		B65764D221242DC60046F4A4 /* GameContentModel.swift in Sources */ = {isa = PBXBuildFile; fileRef = B65764D121242DC60046F4A4 /* GameContentModel.swift */; };
		B65B69FD213A91980027907F /* GameAreaContract.swift in Sources */ = {isa = PBXBuildFile; fileRef = B65B69FC213A91980027907F /* GameAreaContract.swift */; };
		B65B69FF213A95E80027907F /* GameAreaView.swift in Sources */ = {isa = PBXBuildFile; fileRef = B65B69FE213A95E80027907F /* GameAreaView.swift */; };
		B65BA45C210CC25A00425F73 /* ViewControllerExtensions.swift in Sources */ = {isa = PBXBuildFile; fileRef = B65BA45B210CC25A00425F73 /* ViewControllerExtensions.swift */; };
		B65BA45E210CC69A00425F73 /* Localizable.strings in Resources */ = {isa = PBXBuildFile; fileRef = B65BA45D210CC69A00425F73 /* Localizable.strings */; };
		B660E8ED205700C700A58172 /* AppDelegate.swift in Sources */ = {isa = PBXBuildFile; fileRef = B660E8EC205700C700A58172 /* AppDelegate.swift */; };
		B660E8EF205700C700A58172 /* HomeView.swift in Sources */ = {isa = PBXBuildFile; fileRef = B660E8EE205700C700A58172 /* HomeView.swift */; };
		B660E8F2205700C700A58172 /* Main.storyboard in Resources */ = {isa = PBXBuildFile; fileRef = B660E8F0205700C700A58172 /* Main.storyboard */; };
		B660E8F5205700C700A58172 /* MultiEduca.xcdatamodeld in Sources */ = {isa = PBXBuildFile; fileRef = B660E8F3205700C700A58172 /* MultiEduca.xcdatamodeld */; };
		B660E8F7205700C700A58172 /* Assets.xcassets in Resources */ = {isa = PBXBuildFile; fileRef = B660E8F6205700C700A58172 /* Assets.xcassets */; };
		B660E8FA205700C700A58172 /* LaunchScreen.storyboard in Resources */ = {isa = PBXBuildFile; fileRef = B660E8F8205700C700A58172 /* LaunchScreen.storyboard */; };
		B660E905205700C700A58172 /* ReadFilesTests.swift in Sources */ = {isa = PBXBuildFile; fileRef = B660E904205700C700A58172 /* ReadFilesTests.swift */; };
		B6720133210B8731003857AC /* Constants.swift in Sources */ = {isa = PBXBuildFile; fileRef = B6720132210B8731003857AC /* Constants.swift */; };
		B6720135210B9ADE003857AC /* HomeDataTests.swift in Sources */ = {isa = PBXBuildFile; fileRef = B6720134210B9ADE003857AC /* HomeDataTests.swift */; };
		B69656792129CA32002A579C /* GameContentCacheContract.swift in Sources */ = {isa = PBXBuildFile; fileRef = B69656782129CA32002A579C /* GameContentCacheContract.swift */; };
		B696567B2129CB65002A579C /* GameContentCache.swift in Sources */ = {isa = PBXBuildFile; fileRef = B696567A2129CB65002A579C /* GameContentCache.swift */; };
		B696567E2129CEAA002A579C /* LevelsDataProviderContract.swift in Sources */ = {isa = PBXBuildFile; fileRef = B696567D2129CEAA002A579C /* LevelsDataProviderContract.swift */; };
		B69656802129D0B5002A579C /* LevelsDataProvider.swift in Sources */ = {isa = PBXBuildFile; fileRef = B696567F2129D0B5002A579C /* LevelsDataProvider.swift */; };
		B69656822129D9BC002A579C /* LevelsProviderTests.swift in Sources */ = {isa = PBXBuildFile; fileRef = B69656812129D9BC002A579C /* LevelsProviderTests.swift */; };
		B6E5FBA6210B4F170037D3A0 /* StringExtensions.swift in Sources */ = {isa = PBXBuildFile; fileRef = B6E5FBA5210B4F170037D3A0 /* StringExtensions.swift */; };
		B6FA65F1205DA30800F551DC /* HomePresenter.swift in Sources */ = {isa = PBXBuildFile; fileRef = B6FA65F0205DA30800F551DC /* HomePresenter.swift */; };
		B6FA65F3205DA32B00F551DC /* HomeRouter.swift in Sources */ = {isa = PBXBuildFile; fileRef = B6FA65F2205DA32B00F551DC /* HomeRouter.swift */; };
		B6FA65F5205DA34500F551DC /* HomeContract.swift in Sources */ = {isa = PBXBuildFile; fileRef = B6FA65F4205DA34500F551DC /* HomeContract.swift */; };
		B6FA65F8205DAD2600F551DC /* DependencyFactory.swift in Sources */ = {isa = PBXBuildFile; fileRef = B6FA65F7205DAD2600F551DC /* DependencyFactory.swift */; };
		B6FA65FA205DB05B00F551DC /* ModulesContractBase.swift in Sources */ = {isa = PBXBuildFile; fileRef = B6FA65F9205DB05B00F551DC /* ModulesContractBase.swift */; };
		B6FCEDF621A159A800A839BF /* ContentLevelProvider.swift in Sources */ = {isa = PBXBuildFile; fileRef = B6FCEDF521A159A800A839BF /* ContentLevelProvider.swift */; };
		B6FCEDF821A1695000A839BF /* ContentProviderTests.swift in Sources */ = {isa = PBXBuildFile; fileRef = B6FCEDF721A1695000A839BF /* ContentProviderTests.swift */; };
/* End PBXBuildFile section */

/* Begin PBXContainerItemProxy section */
		B660E901205700C700A58172 /* PBXContainerItemProxy */ = {
			isa = PBXContainerItemProxy;
			containerPortal = B660E8E1205700C700A58172 /* Project object */;
			proxyType = 1;
			remoteGlobalIDString = B660E8E8205700C700A58172;
			remoteInfo = MultiEduca;
		};
/* End PBXContainerItemProxy section */

/* Begin PBXFileReference section */
		18A69B480FD302DF4DE1D2D2 /* Pods-MultiEducaTests.debug.xcconfig */ = {isa = PBXFileReference; includeInIndex = 1; lastKnownFileType = text.xcconfig; name = "Pods-MultiEducaTests.debug.xcconfig"; path = "Pods/Target Support Files/Pods-MultiEducaTests/Pods-MultiEducaTests.debug.xcconfig"; sourceTree = "<group>"; };
		1A3BD989D2940B28982655FA /* Pods_MultiEducaTests.framework */ = {isa = PBXFileReference; explicitFileType = wrapper.framework; includeInIndex = 0; path = Pods_MultiEducaTests.framework; sourceTree = BUILT_PRODUCTS_DIR; };
		2D4407DF669E5070F895F4A3 /* Pods-MultiEduca.release.xcconfig */ = {isa = PBXFileReference; includeInIndex = 1; lastKnownFileType = text.xcconfig; name = "Pods-MultiEduca.release.xcconfig"; path = "Pods/Target Support Files/Pods-MultiEduca/Pods-MultiEduca.release.xcconfig"; sourceTree = "<group>"; };
		7C61BB04E991E9C03B62BA74 /* Pods-MultiEducaTests.release.xcconfig */ = {isa = PBXFileReference; includeInIndex = 1; lastKnownFileType = text.xcconfig; name = "Pods-MultiEducaTests.release.xcconfig"; path = "Pods/Target Support Files/Pods-MultiEducaTests/Pods-MultiEducaTests.release.xcconfig"; sourceTree = "<group>"; };
		8273D24379F9BA6254C06056 /* Pods-MultiEduca.debug.xcconfig */ = {isa = PBXFileReference; includeInIndex = 1; lastKnownFileType = text.xcconfig; name = "Pods-MultiEduca.debug.xcconfig"; path = "Pods/Target Support Files/Pods-MultiEduca/Pods-MultiEduca.debug.xcconfig"; sourceTree = "<group>"; };
		8426010CBA714AACAE022F4D /* Pods_MultiEduca.framework */ = {isa = PBXFileReference; explicitFileType = wrapper.framework; includeInIndex = 0; path = Pods_MultiEduca.framework; sourceTree = BUILT_PRODUCTS_DIR; };
		B609EA87213156B8000CE291 /* LevelsInteractor.swift */ = {isa = PBXFileReference; lastKnownFileType = sourcecode.swift; path = LevelsInteractor.swift; sourceTree = "<group>"; };
		B62AC2C3218EE2FC00C3F5C9 /* ContentLevelProviderContract.swift */ = {isa = PBXFileReference; lastKnownFileType = sourcecode.swift; path = ContentLevelProviderContract.swift; sourceTree = "<group>"; };
		B632FD1B20701454003157A5 /* testImage.png */ = {isa = PBXFileReference; lastKnownFileType = image.png; path = testImage.png; sourceTree = "<group>"; };
		B6348901206E971900044F18 /* BaseViewController.swift */ = {isa = PBXFileReference; lastKnownFileType = sourcecode.swift; path = BaseViewController.swift; sourceTree = "<group>"; };
		B6348903206EB4C300044F18 /* DependencyFactoryContract.swift */ = {isa = PBXFileReference; lastKnownFileType = sourcecode.swift; path = DependencyFactoryContract.swift; sourceTree = "<group>"; };
		B6358E6A218461B600B653EE /* GameAreaPresenter.swift */ = {isa = PBXFileReference; lastKnownFileType = sourcecode.swift; path = GameAreaPresenter.swift; sourceTree = "<group>"; };
		B6358E6C2184620F00B653EE /* GameAreaInteractor.swift */ = {isa = PBXFileReference; lastKnownFileType = sourcecode.swift; path = GameAreaInteractor.swift; sourceTree = "<group>"; };
		B6358E6E2184622100B653EE /* GameAreaRouter.swift */ = {isa = PBXFileReference; lastKnownFileType = sourcecode.swift; path = GameAreaRouter.swift; sourceTree = "<group>"; };
		B63668AA20681E7900835547 /* LevelsContract.swift */ = {isa = PBXFileReference; lastKnownFileType = sourcecode.swift; path = LevelsContract.swift; sourceTree = "<group>"; };
		B63668AC20681F3E00835547 /* LevelsView.swift */ = {isa = PBXFileReference; lastKnownFileType = sourcecode.swift; path = LevelsView.swift; sourceTree = "<group>"; };
		B63668AE2068236A00835547 /* LevelsPresenter.swift */ = {isa = PBXFileReference; lastKnownFileType = sourcecode.swift; path = LevelsPresenter.swift; sourceTree = "<group>"; };
		B63668B02068237B00835547 /* LevelsRouter.swift */ = {isa = PBXFileReference; lastKnownFileType = sourcecode.swift; path = LevelsRouter.swift; sourceTree = "<group>"; };
		B636C7622070DA1700D9C9A9 /* HomeView+Render.swift */ = {isa = PBXFileReference; lastKnownFileType = sourcecode.swift; path = "HomeView+Render.swift"; sourceTree = "<group>"; };
		B6377047206F765400DB2A73 /* SectionCell.swift */ = {isa = PBXFileReference; lastKnownFileType = sourcecode.swift; path = SectionCell.swift; sourceTree = "<group>"; };
		B637704C206F7B0900DB2A73 /* SectionCellViewModel.swift */ = {isa = PBXFileReference; lastKnownFileType = sourcecode.swift; path = SectionCellViewModel.swift; sourceTree = "<group>"; };
		B637704E206F7D3F00DB2A73 /* HomeInteractor.swift */ = {isa = PBXFileReference; lastKnownFileType = sourcecode.swift; path = HomeInteractor.swift; sourceTree = "<group>"; };
		B6377051206F7DED00DB2A73 /* FilesManager.swift */ = {isa = PBXFileReference; lastKnownFileType = sourcecode.swift; path = FilesManager.swift; sourceTree = "<group>"; };
		B6377054206F7E2C00DB2A73 /* FilesManagerContract.swift */ = {isa = PBXFileReference; lastKnownFileType = sourcecode.swift; path = FilesManagerContract.swift; sourceTree = "<group>"; };
		B6377056206F806300DB2A73 /* HomeDataProvider.swift */ = {isa = PBXFileReference; lastKnownFileType = sourcecode.swift; path = HomeDataProvider.swift; sourceTree = "<group>"; };
		B637705A206F80D600DB2A73 /* HomeDataProviderContract.swift */ = {isa = PBXFileReference; lastKnownFileType = sourcecode.swift; path = HomeDataProviderContract.swift; sourceTree = "<group>"; };
		B6403F752117600700FB927A /* TitleCollectionViewCell.swift */ = {isa = PBXFileReference; lastKnownFileType = sourcecode.swift; path = TitleCollectionViewCell.swift; sourceTree = "<group>"; };
		B6403F762117600700FB927A /* TitleCollectionViewCell.xib */ = {isa = PBXFileReference; lastKnownFileType = file.xib; path = TitleCollectionViewCell.xib; sourceTree = "<group>"; };
		B64383B3212039F20085EE76 /* GameContent.json */ = {isa = PBXFileReference; fileEncoding = 4; lastKnownFileType = text.json; path = GameContent.json; sourceTree = "<group>"; };
		B64462B921BD869B00400844 /* GameView.swift */ = {isa = PBXFileReference; lastKnownFileType = sourcecode.swift; path = GameView.swift; sourceTree = "<group>"; };
		B64462BB21BD86AA00400844 /* GameView.xib */ = {isa = PBXFileReference; lastKnownFileType = file.xib; path = GameView.xib; sourceTree = "<group>"; };
		B64462BD21BD8C2200400844 /* BasePageViewController.swift */ = {isa = PBXFileReference; lastKnownFileType = sourcecode.swift; path = BasePageViewController.swift; sourceTree = "<group>"; };
		B64DFEEB218B5EE500BF049A /* HomeNavigationBarButton.swift */ = {isa = PBXFileReference; lastKnownFileType = sourcecode.swift; path = HomeNavigationBarButton.swift; sourceTree = "<group>"; };
		B64F4E13210B1B5B0006EE32 /* HomeDataCache.swift */ = {isa = PBXFileReference; lastKnownFileType = sourcecode.swift; path = HomeDataCache.swift; sourceTree = "<group>"; };
		B64F4E15210B1BFD0006EE32 /* HomeDataCacheContract.swift */ = {isa = PBXFileReference; lastKnownFileType = sourcecode.swift; path = HomeDataCacheContract.swift; sourceTree = "<group>"; };
		B64F4E18210B211B0006EE32 /* Home.json */ = {isa = PBXFileReference; lastKnownFileType = text.json; path = Home.json; sourceTree = "<group>"; };
		B64F4E1D210B2B8F0006EE32 /* HomeDataModel.swift */ = {isa = PBXFileReference; lastKnownFileType = sourcecode.swift; path = HomeDataModel.swift; sourceTree = "<group>"; };
		B65764D121242DC60046F4A4 /* GameContentModel.swift */ = {isa = PBXFileReference; lastKnownFileType = sourcecode.swift; path = GameContentModel.swift; sourceTree = "<group>"; };
		B65B69FC213A91980027907F /* GameAreaContract.swift */ = {isa = PBXFileReference; lastKnownFileType = sourcecode.swift; path = GameAreaContract.swift; sourceTree = "<group>"; };
		B65B69FE213A95E80027907F /* GameAreaView.swift */ = {isa = PBXFileReference; lastKnownFileType = sourcecode.swift; path = GameAreaView.swift; sourceTree = "<group>"; };
		B65BA45B210CC25A00425F73 /* ViewControllerExtensions.swift */ = {isa = PBXFileReference; lastKnownFileType = sourcecode.swift; path = ViewControllerExtensions.swift; sourceTree = "<group>"; };
		B65BA45D210CC69A00425F73 /* Localizable.strings */ = {isa = PBXFileReference; lastKnownFileType = text.plist.strings; path = Localizable.strings; sourceTree = "<group>"; };
		B660E8E9205700C700A58172 /* MultiEduca.app */ = {isa = PBXFileReference; explicitFileType = wrapper.application; includeInIndex = 0; path = MultiEduca.app; sourceTree = BUILT_PRODUCTS_DIR; };
		B660E8EC205700C700A58172 /* AppDelegate.swift */ = {isa = PBXFileReference; lastKnownFileType = sourcecode.swift; path = AppDelegate.swift; sourceTree = "<group>"; };
		B660E8EE205700C700A58172 /* HomeView.swift */ = {isa = PBXFileReference; lastKnownFileType = sourcecode.swift; path = HomeView.swift; sourceTree = "<group>"; };
		B660E8F1205700C700A58172 /* Base */ = {isa = PBXFileReference; lastKnownFileType = file.storyboard; name = Base; path = Base.lproj/Main.storyboard; sourceTree = "<group>"; };
		B660E8F4205700C700A58172 /* MultiEduca.xcdatamodel */ = {isa = PBXFileReference; lastKnownFileType = wrapper.xcdatamodel; path = MultiEduca.xcdatamodel; sourceTree = "<group>"; };
		B660E8F6205700C700A58172 /* Assets.xcassets */ = {isa = PBXFileReference; lastKnownFileType = folder.assetcatalog; path = Assets.xcassets; sourceTree = "<group>"; };
		B660E8F9205700C700A58172 /* Base */ = {isa = PBXFileReference; lastKnownFileType = file.storyboard; name = Base; path = Base.lproj/LaunchScreen.storyboard; sourceTree = "<group>"; };
		B660E8FB205700C700A58172 /* Info.plist */ = {isa = PBXFileReference; lastKnownFileType = text.plist.xml; path = Info.plist; sourceTree = "<group>"; };
		B660E900205700C700A58172 /* MultiEducaTests.xctest */ = {isa = PBXFileReference; explicitFileType = wrapper.cfbundle; includeInIndex = 0; path = MultiEducaTests.xctest; sourceTree = BUILT_PRODUCTS_DIR; };
		B660E904205700C700A58172 /* ReadFilesTests.swift */ = {isa = PBXFileReference; lastKnownFileType = sourcecode.swift; path = ReadFilesTests.swift; sourceTree = "<group>"; };
		B660E906205700C700A58172 /* Info.plist */ = {isa = PBXFileReference; lastKnownFileType = text.plist.xml; path = Info.plist; sourceTree = "<group>"; };
		B6720132210B8731003857AC /* Constants.swift */ = {isa = PBXFileReference; lastKnownFileType = sourcecode.swift; path = Constants.swift; sourceTree = "<group>"; };
		B6720134210B9ADE003857AC /* HomeDataTests.swift */ = {isa = PBXFileReference; lastKnownFileType = sourcecode.swift; path = HomeDataTests.swift; sourceTree = "<group>"; };
		B69656782129CA32002A579C /* GameContentCacheContract.swift */ = {isa = PBXFileReference; lastKnownFileType = sourcecode.swift; path = GameContentCacheContract.swift; sourceTree = "<group>"; };
		B696567A2129CB65002A579C /* GameContentCache.swift */ = {isa = PBXFileReference; lastKnownFileType = sourcecode.swift; path = GameContentCache.swift; sourceTree = "<group>"; };
		B696567D2129CEAA002A579C /* LevelsDataProviderContract.swift */ = {isa = PBXFileReference; lastKnownFileType = sourcecode.swift; path = LevelsDataProviderContract.swift; sourceTree = "<group>"; };
		B696567F2129D0B5002A579C /* LevelsDataProvider.swift */ = {isa = PBXFileReference; lastKnownFileType = sourcecode.swift; path = LevelsDataProvider.swift; sourceTree = "<group>"; };
		B69656812129D9BC002A579C /* LevelsProviderTests.swift */ = {isa = PBXFileReference; lastKnownFileType = sourcecode.swift; path = LevelsProviderTests.swift; sourceTree = "<group>"; };
		B6E5FBA5210B4F170037D3A0 /* StringExtensions.swift */ = {isa = PBXFileReference; lastKnownFileType = sourcecode.swift; path = StringExtensions.swift; sourceTree = "<group>"; };
		B6FA65F0205DA30800F551DC /* HomePresenter.swift */ = {isa = PBXFileReference; lastKnownFileType = sourcecode.swift; path = HomePresenter.swift; sourceTree = "<group>"; };
		B6FA65F2205DA32B00F551DC /* HomeRouter.swift */ = {isa = PBXFileReference; lastKnownFileType = sourcecode.swift; path = HomeRouter.swift; sourceTree = "<group>"; };
		B6FA65F4205DA34500F551DC /* HomeContract.swift */ = {isa = PBXFileReference; lastKnownFileType = sourcecode.swift; path = HomeContract.swift; sourceTree = "<group>"; };
		B6FA65F7205DAD2600F551DC /* DependencyFactory.swift */ = {isa = PBXFileReference; lastKnownFileType = sourcecode.swift; path = DependencyFactory.swift; sourceTree = "<group>"; };
		B6FA65F9205DB05B00F551DC /* ModulesContractBase.swift */ = {isa = PBXFileReference; lastKnownFileType = sourcecode.swift; path = ModulesContractBase.swift; sourceTree = "<group>"; };
		B6FCEDF521A159A800A839BF /* ContentLevelProvider.swift */ = {isa = PBXFileReference; lastKnownFileType = sourcecode.swift; path = ContentLevelProvider.swift; sourceTree = "<group>"; };
		B6FCEDF721A1695000A839BF /* ContentProviderTests.swift */ = {isa = PBXFileReference; lastKnownFileType = sourcecode.swift; path = ContentProviderTests.swift; sourceTree = "<group>"; };
/* End PBXFileReference section */

/* Begin PBXFrameworksBuildPhase section */
		B660E8E6205700C700A58172 /* Frameworks */ = {
			isa = PBXFrameworksBuildPhase;
			buildActionMask = 2147483647;
			files = (
				35DE6A48968C6FAD7F58D4A1 /* Pods_MultiEduca.framework in Frameworks */,
			);
			runOnlyForDeploymentPostprocessing = 0;
		};
		B660E8FD205700C700A58172 /* Frameworks */ = {
			isa = PBXFrameworksBuildPhase;
			buildActionMask = 2147483647;
			files = (
				263AAFA6911431E03CFA8A58 /* Pods_MultiEducaTests.framework in Frameworks */,
			);
			runOnlyForDeploymentPostprocessing = 0;
		};
/* End PBXFrameworksBuildPhase section */

/* Begin PBXGroup section */
		5450C09600C625F6F27CC05C /* Pods */ = {
			isa = PBXGroup;
			children = (
				8273D24379F9BA6254C06056 /* Pods-MultiEduca.debug.xcconfig */,
				2D4407DF669E5070F895F4A3 /* Pods-MultiEduca.release.xcconfig */,
				18A69B480FD302DF4DE1D2D2 /* Pods-MultiEducaTests.debug.xcconfig */,
				7C61BB04E991E9C03B62BA74 /* Pods-MultiEducaTests.release.xcconfig */,
			);
			name = Pods;
			sourceTree = "<group>";
		};
		72C3922637C6B0060965835E /* Frameworks */ = {
			isa = PBXGroup;
			children = (
				8426010CBA714AACAE022F4D /* Pods_MultiEduca.framework */,
				1A3BD989D2940B28982655FA /* Pods_MultiEducaTests.framework */,
			);
			name = Frameworks;
			sourceTree = "<group>";
		};
		B62AC2C2218EE1C700C3F5C9 /* ContentLevel */ = {
			isa = PBXGroup;
			children = (
				B62AC2C3218EE2FC00C3F5C9 /* ContentLevelProviderContract.swift */,
				B6FCEDF521A159A800A839BF /* ContentLevelProvider.swift */,
			);
			path = ContentLevel;
			sourceTree = "<group>";
		};
		B63488FE206E5CB700044F18 /* Bases */ = {
			isa = PBXGroup;
			children = (
				B6FA65F9205DB05B00F551DC /* ModulesContractBase.swift */,
				B6348901206E971900044F18 /* BaseViewController.swift */,
				B64462BD21BD8C2200400844 /* BasePageViewController.swift */,
			);
			path = Bases;
			sourceTree = "<group>";
		};
		B63668A920681E2300835547 /* Levels */ = {
			isa = PBXGroup;
			children = (
				B63668AA20681E7900835547 /* LevelsContract.swift */,
				B63668AC20681F3E00835547 /* LevelsView.swift */,
				B63668AE2068236A00835547 /* LevelsPresenter.swift */,
				B609EA87213156B8000CE291 /* LevelsInteractor.swift */,
				B63668B02068237B00835547 /* LevelsRouter.swift */,
			);
			path = Levels;
			sourceTree = "<group>";
		};
		B637704B206F797A00DB2A73 /* Cells */ = {
			isa = PBXGroup;
			children = (
				B64F4E1A210B216D0006EE32 /* Section */,
				B6403F792117606A00FB927A /* OneText */,
			);
			path = Cells;
			sourceTree = "<group>";
		};
		B6377050206F7D7400DB2A73 /* Workers */ = {
			isa = PBXGroup;
			children = (
				B6377053206F7E0B00DB2A73 /* Files */,
			);
			path = Workers;
			sourceTree = "<group>";
		};
		B6377053206F7E0B00DB2A73 /* Files */ = {
			isa = PBXGroup;
			children = (
				B6377054206F7E2C00DB2A73 /* FilesManagerContract.swift */,
				B6377051206F7DED00DB2A73 /* FilesManager.swift */,
			);
			path = Files;
			sourceTree = "<group>";
		};
		B6377058206F806A00DB2A73 /* Providers */ = {
			isa = PBXGroup;
			children = (
				B6720130210B86F3003857AC /* Home */,
				B696567C2129CE57002A579C /* Levels */,
				B62AC2C2218EE1C700C3F5C9 /* ContentLevel */,
			);
			path = Providers;
			sourceTree = "<group>";
		};
		B6377059206F808500DB2A73 /* Dependencies */ = {
			isa = PBXGroup;
			children = (
				B6348903206EB4C300044F18 /* DependencyFactoryContract.swift */,
				B6FA65F7205DAD2600F551DC /* DependencyFactory.swift */,
			);
			path = Dependencies;
			sourceTree = "<group>";
		};
		B6403F792117606A00FB927A /* OneText */ = {
			isa = PBXGroup;
			children = (
				B6403F752117600700FB927A /* TitleCollectionViewCell.swift */,
				B6403F762117600700FB927A /* TitleCollectionViewCell.xib */,
			);
			path = OneText;
			sourceTree = "<group>";
		};
		B64462B821BD862800400844 /* Views */ = {
			isa = PBXGroup;
			children = (
				B64462B921BD869B00400844 /* GameView.swift */,
				B64462BB21BD86AA00400844 /* GameView.xib */,
			);
			path = Views;
			sourceTree = "<group>";
		};
		B64DFEE9218B5E2B00BF049A /* Buttons */ = {
			isa = PBXGroup;
			children = (
				B64DFEEB218B5EE500BF049A /* HomeNavigationBarButton.swift */,
			);
			path = Buttons;
			sourceTree = "<group>";
		};
		B64DFEEA218B5E3A00BF049A /* Components */ = {
			isa = PBXGroup;
			children = (
				B64DFEE9218B5E2B00BF049A /* Buttons */,
				B637704B206F797A00DB2A73 /* Cells */,
				B64462B821BD862800400844 /* Views */,
			);
			path = Components;
			sourceTree = "<group>";
		};
		B64F4E12210B1B2E0006EE32 /* Caches */ = {
			isa = PBXGroup;
			children = (
				B64F4E15210B1BFD0006EE32 /* HomeDataCacheContract.swift */,
				B64F4E13210B1B5B0006EE32 /* HomeDataCache.swift */,
				B69656782129CA32002A579C /* GameContentCacheContract.swift */,
				B696567A2129CB65002A579C /* GameContentCache.swift */,
			);
			path = Caches;
			sourceTree = "<group>";
		};
		B64F4E17210B20C60006EE32 /* Resources */ = {
			isa = PBXGroup;
			children = (
				B64F4E18210B211B0006EE32 /* Home.json */,
				B64383B3212039F20085EE76 /* GameContent.json */,
				B65BA45D210CC69A00425F73 /* Localizable.strings */,
			);
			path = Resources;
			sourceTree = "<group>";
		};
		B64F4E1A210B216D0006EE32 /* Section */ = {
			isa = PBXGroup;
			children = (
				B637704C206F7B0900DB2A73 /* SectionCellViewModel.swift */,
				B6377047206F765400DB2A73 /* SectionCell.swift */,
			);
			path = Section;
			sourceTree = "<group>";
		};
		B65B69FB213A90100027907F /* GameArea */ = {
			isa = PBXGroup;
			children = (
				B65B69FC213A91980027907F /* GameAreaContract.swift */,
				B65B69FE213A95E80027907F /* GameAreaView.swift */,
				B6358E6A218461B600B653EE /* GameAreaPresenter.swift */,
				B6358E6C2184620F00B653EE /* GameAreaInteractor.swift */,
				B6358E6E2184622100B653EE /* GameAreaRouter.swift */,
			);
			path = GameArea;
			sourceTree = "<group>";
		};
		B660E8E0205700C700A58172 = {
			isa = PBXGroup;
			children = (
				B660E8EB205700C700A58172 /* MultiEduca */,
				B660E903205700C700A58172 /* MultiEducaTests */,
				B660E8EA205700C700A58172 /* Products */,
				5450C09600C625F6F27CC05C /* Pods */,
				72C3922637C6B0060965835E /* Frameworks */,
			);
			sourceTree = "<group>";
		};
		B660E8EA205700C700A58172 /* Products */ = {
			isa = PBXGroup;
			children = (
				B660E8E9205700C700A58172 /* MultiEduca.app */,
				B660E900205700C700A58172 /* MultiEducaTests.xctest */,
			);
			name = Products;
			sourceTree = "<group>";
		};
		B660E8EB205700C700A58172 /* MultiEduca */ = {
			isa = PBXGroup;
			children = (
				B632FD1B20701454003157A5 /* testImage.png */,
				B660E8EC205700C700A58172 /* AppDelegate.swift */,
				B64F4E17210B20C60006EE32 /* Resources */,
				B64DFEEA218B5E3A00BF049A /* Components */,
				B6FA65F6205DA9ED00F551DC /* Core */,
				B6FA65ED205DA0B100F551DC /* Modules */,
				B6377050206F7D7400DB2A73 /* Workers */,
				B660E8F0205700C700A58172 /* Main.storyboard */,
				B660E8F6205700C700A58172 /* Assets.xcassets */,
				B660E8F8205700C700A58172 /* LaunchScreen.storyboard */,
				B660E8FB205700C700A58172 /* Info.plist */,
				B660E8F3205700C700A58172 /* MultiEduca.xcdatamodeld */,
			);
			path = MultiEduca;
			sourceTree = "<group>";
		};
		B660E903205700C700A58172 /* MultiEducaTests */ = {
			isa = PBXGroup;
			children = (
				B660E904205700C700A58172 /* ReadFilesTests.swift */,
				B6720134210B9ADE003857AC /* HomeDataTests.swift */,
				B69656812129D9BC002A579C /* LevelsProviderTests.swift */,
				B6FCEDF721A1695000A839BF /* ContentProviderTests.swift */,
				B660E906205700C700A58172 /* Info.plist */,
			);
			path = MultiEducaTests;
			sourceTree = "<group>";
		};
		B6720130210B86F3003857AC /* Home */ = {
			isa = PBXGroup;
			children = (
				B637705A206F80D600DB2A73 /* HomeDataProviderContract.swift */,
				B6377056206F806300DB2A73 /* HomeDataProvider.swift */,
			);
			path = Home;
			sourceTree = "<group>";
		};
		B6720131210B8710003857AC /* Constants */ = {
			isa = PBXGroup;
			children = (
				B6720132210B8731003857AC /* Constants.swift */,
			);
			path = Constants;
			sourceTree = "<group>";
		};
		B67EE0CF2070EC4000C71E6E /* Models */ = {
			isa = PBXGroup;
			children = (
				B64F4E1D210B2B8F0006EE32 /* HomeDataModel.swift */,
				B65764D121242DC60046F4A4 /* GameContentModel.swift */,
			);
			path = Models;
			sourceTree = "<group>";
		};
		B696567C2129CE57002A579C /* Levels */ = {
			isa = PBXGroup;
			children = (
				B696567D2129CEAA002A579C /* LevelsDataProviderContract.swift */,
				B696567F2129D0B5002A579C /* LevelsDataProvider.swift */,
			);
			path = Levels;
			sourceTree = "<group>";
		};
		B6E5FBA4210B4E670037D3A0 /* Extensions */ = {
			isa = PBXGroup;
			children = (
				B6E5FBA5210B4F170037D3A0 /* StringExtensions.swift */,
				B65BA45B210CC25A00425F73 /* ViewControllerExtensions.swift */,
			);
			path = Extensions;
			sourceTree = "<group>";
		};
		B6FA65EC205D9FEA00F551DC /* Home */ = {
			isa = PBXGroup;
			children = (
				B6FA65F4205DA34500F551DC /* HomeContract.swift */,
				B660E8EE205700C700A58172 /* HomeView.swift */,
				B636C7622070DA1700D9C9A9 /* HomeView+Render.swift */,
				B6FA65F0205DA30800F551DC /* HomePresenter.swift */,
				B637704E206F7D3F00DB2A73 /* HomeInteractor.swift */,
				B6FA65F2205DA32B00F551DC /* HomeRouter.swift */,
			);
			path = Home;
			sourceTree = "<group>";
		};
		B6FA65ED205DA0B100F551DC /* Modules */ = {
			isa = PBXGroup;
			children = (
				B6FA65EC205D9FEA00F551DC /* Home */,
				B63668A920681E2300835547 /* Levels */,
				B65B69FB213A90100027907F /* GameArea */,
			);
			path = Modules;
			sourceTree = "<group>";
		};
		B6FA65F6205DA9ED00F551DC /* Core */ = {
			isa = PBXGroup;
			children = (
				B6377059206F808500DB2A73 /* Dependencies */,
				B6377058206F806A00DB2A73 /* Providers */,
				B64F4E12210B1B2E0006EE32 /* Caches */,
				B63488FE206E5CB700044F18 /* Bases */,
				B67EE0CF2070EC4000C71E6E /* Models */,
				B6E5FBA4210B4E670037D3A0 /* Extensions */,
				B6720131210B8710003857AC /* Constants */,
			);
			path = Core;
			sourceTree = "<group>";
		};
/* End PBXGroup section */

/* Begin PBXNativeTarget section */
		B660E8E8205700C700A58172 /* MultiEduca */ = {
			isa = PBXNativeTarget;
			buildConfigurationList = B660E909205700C700A58172 /* Build configuration list for PBXNativeTarget "MultiEduca" */;
			buildPhases = (
				8DF192A4D29CDBD0EDA609C3 /* [CP] Check Pods Manifest.lock */,
				B660E8E5205700C700A58172 /* Sources */,
				B660E8E6205700C700A58172 /* Frameworks */,
				B660E8E7205700C700A58172 /* Resources */,
				B6B93B9009CD42861CD7F4CA /* [CP] Embed Pods Frameworks */,
				526F15A012B9D23D6C1C757E /* [CP] Copy Pods Resources */,
			);
			buildRules = (
			);
			dependencies = (
			);
			name = MultiEduca;
			productName = MultiEduca;
			productReference = B660E8E9205700C700A58172 /* MultiEduca.app */;
			productType = "com.apple.product-type.application";
		};
		B660E8FF205700C700A58172 /* MultiEducaTests */ = {
			isa = PBXNativeTarget;
			buildConfigurationList = B660E90C205700C700A58172 /* Build configuration list for PBXNativeTarget "MultiEducaTests" */;
			buildPhases = (
				D52B871395567F5A59B3F283 /* [CP] Check Pods Manifest.lock */,
				B660E8FC205700C700A58172 /* Sources */,
				B660E8FD205700C700A58172 /* Frameworks */,
				B660E8FE205700C700A58172 /* Resources */,
				4F14BB620E3687858D1C671A /* [CP] Embed Pods Frameworks */,
				28BDA4470B2C5D3A7F1C410E /* [CP] Copy Pods Resources */,
			);
			buildRules = (
			);
			dependencies = (
				B660E902205700C700A58172 /* PBXTargetDependency */,
			);
			name = MultiEducaTests;
			productName = MultiEducaTests;
			productReference = B660E900205700C700A58172 /* MultiEducaTests.xctest */;
			productType = "com.apple.product-type.bundle.unit-test";
		};
/* End PBXNativeTarget section */

/* Begin PBXProject section */
		B660E8E1205700C700A58172 /* Project object */ = {
			isa = PBXProject;
			attributes = {
				LastSwiftUpdateCheck = 0920;
				LastUpgradeCheck = 0920;
				ORGANIZATIONNAME = Sandra;
				TargetAttributes = {
					B660E8E8205700C700A58172 = {
						CreatedOnToolsVersion = 9.2;
						LastSwiftMigration = 1020;
						ProvisioningStyle = Automatic;
					};
					B660E8FF205700C700A58172 = {
						CreatedOnToolsVersion = 9.2;
						LastSwiftMigration = 1020;
						ProvisioningStyle = Automatic;
						TestTargetID = B660E8E8205700C700A58172;
					};
				};
			};
			buildConfigurationList = B660E8E4205700C700A58172 /* Build configuration list for PBXProject "MultiEduca" */;
			compatibilityVersion = "Xcode 8.0";
			developmentRegion = en;
			hasScannedForEncodings = 0;
			knownRegions = (
				en,
				Base,
			);
			mainGroup = B660E8E0205700C700A58172;
			productRefGroup = B660E8EA205700C700A58172 /* Products */;
			projectDirPath = "";
			projectRoot = "";
			targets = (
				B660E8E8205700C700A58172 /* MultiEduca */,
				B660E8FF205700C700A58172 /* MultiEducaTests */,
			);
		};
/* End PBXProject section */

/* Begin PBXResourcesBuildPhase section */
		B660E8E7205700C700A58172 /* Resources */ = {
			isa = PBXResourcesBuildPhase;
			buildActionMask = 2147483647;
			files = (
				B660E8FA205700C700A58172 /* LaunchScreen.storyboard in Resources */,
				B65BA45E210CC69A00425F73 /* Localizable.strings in Resources */,
				B660E8F7205700C700A58172 /* Assets.xcassets in Resources */,
				B64F4E19210B211B0006EE32 /* Home.json in Resources */,
				B660E8F2205700C700A58172 /* Main.storyboard in Resources */,
				B64383B4212039F20085EE76 /* GameContent.json in Resources */,
				B64462BC21BD86AA00400844 /* GameView.xib in Resources */,
				B6403F782117600700FB927A /* TitleCollectionViewCell.xib in Resources */,
				B632FD1C20701454003157A5 /* testImage.png in Resources */,
			);
			runOnlyForDeploymentPostprocessing = 0;
		};
		B660E8FE205700C700A58172 /* Resources */ = {
			isa = PBXResourcesBuildPhase;
			buildActionMask = 2147483647;
			files = (
			);
			runOnlyForDeploymentPostprocessing = 0;
		};
/* End PBXResourcesBuildPhase section */

/* Begin PBXShellScriptBuildPhase section */
		28BDA4470B2C5D3A7F1C410E /* [CP] Copy Pods Resources */ = {
			isa = PBXShellScriptBuildPhase;
			buildActionMask = 2147483647;
			files = (
			);
			inputPaths = (
			);
			name = "[CP] Copy Pods Resources";
			outputPaths = (
			);
			runOnlyForDeploymentPostprocessing = 0;
			shellPath = /bin/sh;
			shellScript = "\"${SRCROOT}/Pods/Target Support Files/Pods-MultiEducaTests/Pods-MultiEducaTests-resources.sh\"\n";
			showEnvVarsInLog = 0;
		};
		4F14BB620E3687858D1C671A /* [CP] Embed Pods Frameworks */ = {
			isa = PBXShellScriptBuildPhase;
			buildActionMask = 2147483647;
			files = (
			);
			inputPaths = (
			);
			name = "[CP] Embed Pods Frameworks";
			outputPaths = (
			);
			runOnlyForDeploymentPostprocessing = 0;
			shellPath = /bin/sh;
			shellScript = "\"${SRCROOT}/Pods/Target Support Files/Pods-MultiEducaTests/Pods-MultiEducaTests-frameworks.sh\"\n";
			showEnvVarsInLog = 0;
		};
		526F15A012B9D23D6C1C757E /* [CP] Copy Pods Resources */ = {
			isa = PBXShellScriptBuildPhase;
			buildActionMask = 2147483647;
			files = (
			);
			inputPaths = (
			);
			name = "[CP] Copy Pods Resources";
			outputPaths = (
			);
			runOnlyForDeploymentPostprocessing = 0;
			shellPath = /bin/sh;
			shellScript = "\"${SRCROOT}/Pods/Target Support Files/Pods-MultiEduca/Pods-MultiEduca-resources.sh\"\n";
			showEnvVarsInLog = 0;
		};
		8DF192A4D29CDBD0EDA609C3 /* [CP] Check Pods Manifest.lock */ = {
			isa = PBXShellScriptBuildPhase;
			buildActionMask = 2147483647;
			files = (
			);
			inputPaths = (
				"${PODS_PODFILE_DIR_PATH}/Podfile.lock",
				"${PODS_ROOT}/Manifest.lock",
			);
			name = "[CP] Check Pods Manifest.lock";
			outputPaths = (
				"$(DERIVED_FILE_DIR)/Pods-MultiEduca-checkManifestLockResult.txt",
			);
			runOnlyForDeploymentPostprocessing = 0;
			shellPath = /bin/sh;
			shellScript = "diff \"${PODS_PODFILE_DIR_PATH}/Podfile.lock\" \"${PODS_ROOT}/Manifest.lock\" > /dev/null\nif [ $? != 0 ] ; then\n    # print error to STDERR\n    echo \"error: The sandbox is not in sync with the Podfile.lock. Run 'pod install' or update your CocoaPods installation.\" >&2\n    exit 1\nfi\n# This output is used by Xcode 'outputs' to avoid re-running this script phase.\necho \"SUCCESS\" > \"${SCRIPT_OUTPUT_FILE_0}\"\n";
			showEnvVarsInLog = 0;
		};
		B6B93B9009CD42861CD7F4CA /* [CP] Embed Pods Frameworks */ = {
			isa = PBXShellScriptBuildPhase;
			buildActionMask = 2147483647;
			files = (
			);
			inputPaths = (
				"${SRCROOT}/Pods/Target Support Files/Pods-MultiEduca/Pods-MultiEduca-frameworks.sh",
				"${BUILT_PRODUCTS_DIR}/KDDragAndDropCollectionViews/KDDragAndDropCollectionViews.framework",
				"${BUILT_PRODUCTS_DIR}/ObjectMapper/ObjectMapper.framework",
			);
			name = "[CP] Embed Pods Frameworks";
			outputPaths = (
				"${TARGET_BUILD_DIR}/${FRAMEWORKS_FOLDER_PATH}/KDDragAndDropCollectionViews.framework",
				"${TARGET_BUILD_DIR}/${FRAMEWORKS_FOLDER_PATH}/ObjectMapper.framework",
			);
			runOnlyForDeploymentPostprocessing = 0;
			shellPath = /bin/sh;
			shellScript = "\"${SRCROOT}/Pods/Target Support Files/Pods-MultiEduca/Pods-MultiEduca-frameworks.sh\"\n";
			showEnvVarsInLog = 0;
		};
		D52B871395567F5A59B3F283 /* [CP] Check Pods Manifest.lock */ = {
			isa = PBXShellScriptBuildPhase;
			buildActionMask = 2147483647;
			files = (
			);
			inputPaths = (
				"${PODS_PODFILE_DIR_PATH}/Podfile.lock",
				"${PODS_ROOT}/Manifest.lock",
			);
			name = "[CP] Check Pods Manifest.lock";
			outputPaths = (
				"$(DERIVED_FILE_DIR)/Pods-MultiEducaTests-checkManifestLockResult.txt",
			);
			runOnlyForDeploymentPostprocessing = 0;
			shellPath = /bin/sh;
			shellScript = "diff \"${PODS_PODFILE_DIR_PATH}/Podfile.lock\" \"${PODS_ROOT}/Manifest.lock\" > /dev/null\nif [ $? != 0 ] ; then\n    # print error to STDERR\n    echo \"error: The sandbox is not in sync with the Podfile.lock. Run 'pod install' or update your CocoaPods installation.\" >&2\n    exit 1\nfi\n# This output is used by Xcode 'outputs' to avoid re-running this script phase.\necho \"SUCCESS\" > \"${SCRIPT_OUTPUT_FILE_0}\"\n";
			showEnvVarsInLog = 0;
		};
/* End PBXShellScriptBuildPhase section */

/* Begin PBXSourcesBuildPhase section */
		B660E8E5205700C700A58172 /* Sources */ = {
			isa = PBXSourcesBuildPhase;
			buildActionMask = 2147483647;
			files = (
				B6348902206E971900044F18 /* BaseViewController.swift in Sources */,
				B6FA65F5205DA34500F551DC /* HomeContract.swift in Sources */,
				B69656792129CA32002A579C /* GameContentCacheContract.swift in Sources */,
				B6358E6B218461B600B653EE /* GameAreaPresenter.swift in Sources */,
				B637705B206F80D600DB2A73 /* HomeDataProviderContract.swift in Sources */,
				B6403F772117600700FB927A /* TitleCollectionViewCell.swift in Sources */,
				B69656802129D0B5002A579C /* LevelsDataProvider.swift in Sources */,
				B636C7632070DA1700D9C9A9 /* HomeView+Render.swift in Sources */,
				B64462BE21BD8C2200400844 /* BasePageViewController.swift in Sources */,
				B696567E2129CEAA002A579C /* LevelsDataProviderContract.swift in Sources */,
				B63668B12068237B00835547 /* LevelsRouter.swift in Sources */,
				B6E5FBA6210B4F170037D3A0 /* StringExtensions.swift in Sources */,
				B63668AB20681E7900835547 /* LevelsContract.swift in Sources */,
				B660E8EF205700C700A58172 /* HomeView.swift in Sources */,
				B63668AD20681F3E00835547 /* LevelsView.swift in Sources */,
				B6358E6D2184620F00B653EE /* GameAreaInteractor.swift in Sources */,
				B637704D206F7B0900DB2A73 /* SectionCellViewModel.swift in Sources */,
				B65764D221242DC60046F4A4 /* GameContentModel.swift in Sources */,
				B65BA45C210CC25A00425F73 /* ViewControllerExtensions.swift in Sources */,
				B660E8ED205700C700A58172 /* AppDelegate.swift in Sources */,
				B6358E6F2184622100B653EE /* GameAreaRouter.swift in Sources */,
				B6377057206F806300DB2A73 /* HomeDataProvider.swift in Sources */,
				B6FCEDF621A159A800A839BF /* ContentLevelProvider.swift in Sources */,
				B64F4E1E210B2B8F0006EE32 /* HomeDataModel.swift in Sources */,
				B64F4E16210B1BFD0006EE32 /* HomeDataCacheContract.swift in Sources */,
				B6377049206F765400DB2A73 /* SectionCell.swift in Sources */,
				B660E8F5205700C700A58172 /* MultiEduca.xcdatamodeld in Sources */,
				B64F4E14210B1B5B0006EE32 /* HomeDataCache.swift in Sources */,
				B65B69FF213A95E80027907F /* GameAreaView.swift in Sources */,
				B6FA65F1205DA30800F551DC /* HomePresenter.swift in Sources */,
				B63668AF2068236A00835547 /* LevelsPresenter.swift in Sources */,
				B6377055206F7E2C00DB2A73 /* FilesManagerContract.swift in Sources */,
				B6FA65F8205DAD2600F551DC /* DependencyFactory.swift in Sources */,
				B6FA65FA205DB05B00F551DC /* ModulesContractBase.swift in Sources */,
				B696567B2129CB65002A579C /* GameContentCache.swift in Sources */,
				B6FA65F3205DA32B00F551DC /* HomeRouter.swift in Sources */,
				B6348904206EB4C300044F18 /* DependencyFactoryContract.swift in Sources */,
				B637704F206F7D3F00DB2A73 /* HomeInteractor.swift in Sources */,
				B609EA88213156B8000CE291 /* LevelsInteractor.swift in Sources */,
				B64462BA21BD869B00400844 /* GameView.swift in Sources */,
				B64DFEEC218B5EE500BF049A /* HomeNavigationBarButton.swift in Sources */,
				B6377052206F7DED00DB2A73 /* FilesManager.swift in Sources */,
				B62AC2C4218EE2FC00C3F5C9 /* ContentLevelProviderContract.swift in Sources */,
				B65B69FD213A91980027907F /* GameAreaContract.swift in Sources */,
				B6720133210B8731003857AC /* Constants.swift in Sources */,
			);
			runOnlyForDeploymentPostprocessing = 0;
		};
		B660E8FC205700C700A58172 /* Sources */ = {
			isa = PBXSourcesBuildPhase;
			buildActionMask = 2147483647;
			files = (
				B69656822129D9BC002A579C /* LevelsProviderTests.swift in Sources */,
				B660E905205700C700A58172 /* ReadFilesTests.swift in Sources */,
				B6FCEDF821A1695000A839BF /* ContentProviderTests.swift in Sources */,
				B6720135210B9ADE003857AC /* HomeDataTests.swift in Sources */,
			);
			runOnlyForDeploymentPostprocessing = 0;
		};
/* End PBXSourcesBuildPhase section */

/* Begin PBXTargetDependency section */
		B660E902205700C700A58172 /* PBXTargetDependency */ = {
			isa = PBXTargetDependency;
			target = B660E8E8205700C700A58172 /* MultiEduca */;
			targetProxy = B660E901205700C700A58172 /* PBXContainerItemProxy */;
		};
/* End PBXTargetDependency section */

/* Begin PBXVariantGroup section */
		B660E8F0205700C700A58172 /* Main.storyboard */ = {
			isa = PBXVariantGroup;
			children = (
				B660E8F1205700C700A58172 /* Base */,
			);
			name = Main.storyboard;
			sourceTree = "<group>";
		};
		B660E8F8205700C700A58172 /* LaunchScreen.storyboard */ = {
			isa = PBXVariantGroup;
			children = (
				B660E8F9205700C700A58172 /* Base */,
			);
			name = LaunchScreen.storyboard;
			sourceTree = "<group>";
		};
/* End PBXVariantGroup section */

/* Begin XCBuildConfiguration section */
		B660E907205700C700A58172 /* Debug */ = {
			isa = XCBuildConfiguration;
			buildSettings = {
				ALWAYS_SEARCH_USER_PATHS = NO;
				CLANG_ANALYZER_NONNULL = YES;
				CLANG_ANALYZER_NUMBER_OBJECT_CONVERSION = YES_AGGRESSIVE;
				CLANG_CXX_LANGUAGE_STANDARD = "gnu++14";
				CLANG_CXX_LIBRARY = "libc++";
				CLANG_ENABLE_MODULES = YES;
				CLANG_ENABLE_OBJC_ARC = YES;
				CLANG_WARN_BLOCK_CAPTURE_AUTORELEASING = YES;
				CLANG_WARN_BOOL_CONVERSION = YES;
				CLANG_WARN_COMMA = YES;
				CLANG_WARN_CONSTANT_CONVERSION = YES;
				CLANG_WARN_DIRECT_OBJC_ISA_USAGE = YES_ERROR;
				CLANG_WARN_DOCUMENTATION_COMMENTS = YES;
				CLANG_WARN_EMPTY_BODY = YES;
				CLANG_WARN_ENUM_CONVERSION = YES;
				CLANG_WARN_INFINITE_RECURSION = YES;
				CLANG_WARN_INT_CONVERSION = YES;
				CLANG_WARN_NON_LITERAL_NULL_CONVERSION = YES;
				CLANG_WARN_OBJC_LITERAL_CONVERSION = YES;
				CLANG_WARN_OBJC_ROOT_CLASS = YES_ERROR;
				CLANG_WARN_RANGE_LOOP_ANALYSIS = YES;
				CLANG_WARN_STRICT_PROTOTYPES = YES;
				CLANG_WARN_SUSPICIOUS_MOVE = YES;
				CLANG_WARN_UNGUARDED_AVAILABILITY = YES_AGGRESSIVE;
				CLANG_WARN_UNREACHABLE_CODE = YES;
				CLANG_WARN__DUPLICATE_METHOD_MATCH = YES;
				CODE_SIGN_IDENTITY = "iPhone Developer";
				COPY_PHASE_STRIP = NO;
				DEBUG_INFORMATION_FORMAT = dwarf;
				ENABLE_STRICT_OBJC_MSGSEND = YES;
				ENABLE_TESTABILITY = YES;
				GCC_C_LANGUAGE_STANDARD = gnu11;
				GCC_DYNAMIC_NO_PIC = NO;
				GCC_NO_COMMON_BLOCKS = YES;
				GCC_OPTIMIZATION_LEVEL = 0;
				GCC_PREPROCESSOR_DEFINITIONS = (
					"DEBUG=1",
					"$(inherited)",
				);
				GCC_WARN_64_TO_32_BIT_CONVERSION = YES;
				GCC_WARN_ABOUT_RETURN_TYPE = YES_ERROR;
				GCC_WARN_UNDECLARED_SELECTOR = YES;
				GCC_WARN_UNINITIALIZED_AUTOS = YES_AGGRESSIVE;
				GCC_WARN_UNUSED_FUNCTION = YES;
				GCC_WARN_UNUSED_VARIABLE = YES;
				IPHONEOS_DEPLOYMENT_TARGET = 11.2;
				MTL_ENABLE_DEBUG_INFO = YES;
				ONLY_ACTIVE_ARCH = YES;
				SDKROOT = iphoneos;
				SWIFT_ACTIVE_COMPILATION_CONDITIONS = DEBUG;
				SWIFT_OPTIMIZATION_LEVEL = "-Onone";
			};
			name = Debug;
		};
		B660E908205700C700A58172 /* Release */ = {
			isa = XCBuildConfiguration;
			buildSettings = {
				ALWAYS_SEARCH_USER_PATHS = NO;
				CLANG_ANALYZER_NONNULL = YES;
				CLANG_ANALYZER_NUMBER_OBJECT_CONVERSION = YES_AGGRESSIVE;
				CLANG_CXX_LANGUAGE_STANDARD = "gnu++14";
				CLANG_CXX_LIBRARY = "libc++";
				CLANG_ENABLE_MODULES = YES;
				CLANG_ENABLE_OBJC_ARC = YES;
				CLANG_WARN_BLOCK_CAPTURE_AUTORELEASING = YES;
				CLANG_WARN_BOOL_CONVERSION = YES;
				CLANG_WARN_COMMA = YES;
				CLANG_WARN_CONSTANT_CONVERSION = YES;
				CLANG_WARN_DIRECT_OBJC_ISA_USAGE = YES_ERROR;
				CLANG_WARN_DOCUMENTATION_COMMENTS = YES;
				CLANG_WARN_EMPTY_BODY = YES;
				CLANG_WARN_ENUM_CONVERSION = YES;
				CLANG_WARN_INFINITE_RECURSION = YES;
				CLANG_WARN_INT_CONVERSION = YES;
				CLANG_WARN_NON_LITERAL_NULL_CONVERSION = YES;
				CLANG_WARN_OBJC_LITERAL_CONVERSION = YES;
				CLANG_WARN_OBJC_ROOT_CLASS = YES_ERROR;
				CLANG_WARN_RANGE_LOOP_ANALYSIS = YES;
				CLANG_WARN_STRICT_PROTOTYPES = YES;
				CLANG_WARN_SUSPICIOUS_MOVE = YES;
				CLANG_WARN_UNGUARDED_AVAILABILITY = YES_AGGRESSIVE;
				CLANG_WARN_UNREACHABLE_CODE = YES;
				CLANG_WARN__DUPLICATE_METHOD_MATCH = YES;
				CODE_SIGN_IDENTITY = "iPhone Developer";
				COPY_PHASE_STRIP = NO;
				DEBUG_INFORMATION_FORMAT = "dwarf-with-dsym";
				ENABLE_NS_ASSERTIONS = NO;
				ENABLE_STRICT_OBJC_MSGSEND = YES;
				GCC_C_LANGUAGE_STANDARD = gnu11;
				GCC_NO_COMMON_BLOCKS = YES;
				GCC_WARN_64_TO_32_BIT_CONVERSION = YES;
				GCC_WARN_ABOUT_RETURN_TYPE = YES_ERROR;
				GCC_WARN_UNDECLARED_SELECTOR = YES;
				GCC_WARN_UNINITIALIZED_AUTOS = YES_AGGRESSIVE;
				GCC_WARN_UNUSED_FUNCTION = YES;
				GCC_WARN_UNUSED_VARIABLE = YES;
				IPHONEOS_DEPLOYMENT_TARGET = 11.2;
				MTL_ENABLE_DEBUG_INFO = NO;
				SDKROOT = iphoneos;
				SWIFT_OPTIMIZATION_LEVEL = "-Owholemodule";
				VALIDATE_PRODUCT = YES;
			};
			name = Release;
		};
		B660E90A205700C700A58172 /* Debug */ = {
			isa = XCBuildConfiguration;
			baseConfigurationReference = 8273D24379F9BA6254C06056 /* Pods-MultiEduca.debug.xcconfig */;
			buildSettings = {
				ASSETCATALOG_COMPILER_APPICON_NAME = AppIcon;
				CODE_SIGN_STYLE = Automatic;
				DEVELOPMENT_TEAM = GKD62JWZ34;
				INFOPLIST_FILE = MultiEduca/Info.plist;
				LD_RUNPATH_SEARCH_PATHS = "$(inherited) @executable_path/Frameworks";
				PRODUCT_BUNDLE_IDENTIFIER = com.Sandra.MultiEduca;
				PRODUCT_NAME = "$(TARGET_NAME)";
				SWIFT_VERSION = 5.0;
				TARGETED_DEVICE_FAMILY = "1,2";
			};
			name = Debug;
		};
		B660E90B205700C700A58172 /* Release */ = {
			isa = XCBuildConfiguration;
			baseConfigurationReference = 2D4407DF669E5070F895F4A3 /* Pods-MultiEduca.release.xcconfig */;
			buildSettings = {
				ASSETCATALOG_COMPILER_APPICON_NAME = AppIcon;
				CODE_SIGN_STYLE = Automatic;
				DEVELOPMENT_TEAM = GKD62JWZ34;
				INFOPLIST_FILE = MultiEduca/Info.plist;
				LD_RUNPATH_SEARCH_PATHS = "$(inherited) @executable_path/Frameworks";
				PRODUCT_BUNDLE_IDENTIFIER = com.Sandra.MultiEduca;
				PRODUCT_NAME = "$(TARGET_NAME)";
				SWIFT_VERSION = 5.0;
				TARGETED_DEVICE_FAMILY = "1,2";
			};
			name = Release;
		};
		B660E90D205700C700A58172 /* Debug */ = {
			isa = XCBuildConfiguration;
			baseConfigurationReference = 18A69B480FD302DF4DE1D2D2 /* Pods-MultiEducaTests.debug.xcconfig */;
			buildSettings = {
				ALWAYS_EMBED_SWIFT_STANDARD_LIBRARIES = YES;
				BUNDLE_LOADER = "$(TEST_HOST)";
				CODE_SIGN_STYLE = Automatic;
				DEVELOPMENT_TEAM = GKD62JWZ34;
				INFOPLIST_FILE = MultiEducaTests/Info.plist;
				LD_RUNPATH_SEARCH_PATHS = "$(inherited) @executable_path/Frameworks @loader_path/Frameworks";
				PRODUCT_BUNDLE_IDENTIFIER = com.Sandra.MultiEducaTests;
				PRODUCT_NAME = "$(TARGET_NAME)";
				SWIFT_VERSION = 5.0;
				TARGETED_DEVICE_FAMILY = "1,2";
				TEST_HOST = "$(BUILT_PRODUCTS_DIR)/MultiEduca.app/MultiEduca";
			};
			name = Debug;
		};
		B660E90E205700C700A58172 /* Release */ = {
			isa = XCBuildConfiguration;
			baseConfigurationReference = 7C61BB04E991E9C03B62BA74 /* Pods-MultiEducaTests.release.xcconfig */;
			buildSettings = {
				ALWAYS_EMBED_SWIFT_STANDARD_LIBRARIES = YES;
				BUNDLE_LOADER = "$(TEST_HOST)";
				CODE_SIGN_STYLE = Automatic;
				DEVELOPMENT_TEAM = GKD62JWZ34;
				INFOPLIST_FILE = MultiEducaTests/Info.plist;
				LD_RUNPATH_SEARCH_PATHS = "$(inherited) @executable_path/Frameworks @loader_path/Frameworks";
				PRODUCT_BUNDLE_IDENTIFIER = com.Sandra.MultiEducaTests;
				PRODUCT_NAME = "$(TARGET_NAME)";
				SWIFT_VERSION = 5.0;
				TARGETED_DEVICE_FAMILY = "1,2";
				TEST_HOST = "$(BUILT_PRODUCTS_DIR)/MultiEduca.app/MultiEduca";
			};
			name = Release;
		};
/* End XCBuildConfiguration section */

/* Begin XCConfigurationList section */
		B660E8E4205700C700A58172 /* Build configuration list for PBXProject "MultiEduca" */ = {
			isa = XCConfigurationList;
			buildConfigurations = (
				B660E907205700C700A58172 /* Debug */,
				B660E908205700C700A58172 /* Release */,
			);
			defaultConfigurationIsVisible = 0;
			defaultConfigurationName = Release;
		};
		B660E909205700C700A58172 /* Build configuration list for PBXNativeTarget "MultiEduca" */ = {
			isa = XCConfigurationList;
			buildConfigurations = (
				B660E90A205700C700A58172 /* Debug */,
				B660E90B205700C700A58172 /* Release */,
			);
			defaultConfigurationIsVisible = 0;
			defaultConfigurationName = Release;
		};
		B660E90C205700C700A58172 /* Build configuration list for PBXNativeTarget "MultiEducaTests" */ = {
			isa = XCConfigurationList;
			buildConfigurations = (
				B660E90D205700C700A58172 /* Debug */,
				B660E90E205700C700A58172 /* Release */,
			);
			defaultConfigurationIsVisible = 0;
			defaultConfigurationName = Release;
		};
/* End XCConfigurationList section */

/* Begin XCVersionGroup section */
		B660E8F3205700C700A58172 /* MultiEduca.xcdatamodeld */ = {
			isa = XCVersionGroup;
			children = (
				B660E8F4205700C700A58172 /* MultiEduca.xcdatamodel */,
			);
			currentVersion = B660E8F4205700C700A58172 /* MultiEduca.xcdatamodel */;
			path = MultiEduca.xcdatamodeld;
			sourceTree = "<group>";
			versionGroupType = wrapper.xcdatamodel;
		};
/* End XCVersionGroup section */
	};
	rootObject = B660E8E1205700C700A58172 /* Project object */;
}
